
Microsoft Visual Studio Solution File, Format Version 12.00
# Visual Studio Version 16
VisualStudioVersion = 16.0.30621.155
MinimumVisualStudioVersion = 10.0.40219.1
Project("{FAE04EC0-301F-11D3-BF4B-00C04F79EFBC}") = "practica1", "practica1.csproj", "{EF743AE1-5563-4951-BD3F-E051B916E57B}"
EndProject
Global
	GlobalSection(SolutionConfigurationPlatforms) = preSolution
		Debug|Any CPU = Debug|Any CPU
		Release|Any CPU = Release|Any CPU
	EndGlobalSection
	GlobalSection(ProjectConfigurationPlatforms) = postSolution
		{EF743AE1-5563-4951-BD3F-E051B916E57B}.Debug|Any CPU.ActiveCfg = Debug|Any CPU
		{EF743AE1-5563-4951-BD3F-E051B916E57B}.Debug|Any CPU.Build.0 = Debug|Any CPU
		{EF743AE1-5563-4951-BD3F-E051B916E57B}.Release|Any CPU.ActiveCfg = Release|Any CPU
		{EF743AE1-5563-4951-BD3F-E051B916E57B}.Release|Any CPU.Build.0 = Release|Any CPU
	EndGlobalSection
	GlobalSection(SolutionProperties) = preSolution
		HideSolutionNode = FALSE
	EndGlobalSection
	GlobalSection(ExtensibilityGlobals) = postSolution
		SolutionGuid = {D3213F6F-A048-469C-B908-339030AF3C76}
	EndGlobalSection
EndGlobal
